
Microsoft Visual Studio Solution File, Format Version 12.00
# Visual Studio Version 17
VisualStudioVersion = 17.7.34003.232
MinimumVisualStudioVersion = 10.0.40219.1
Project("{8BC9CEB8-8B4A-11D0-8D11-00A0C91BC942}") = "GameProgramming4", "GameProgramming4.vcxproj", "{B57E4653-BA11-4F1E-A5FE-6E34C5640353}"
EndProject
Project("{8BC9CEB8-8B4A-11D0-8D11-00A0C91BC942}") = "Ch1_Generic_Programming", "..\Ch1_Generic_Programming\Ch1_Generic_Programming.vcxproj", "{6188D28F-C2AB-486D-997F-B17C33059475}"
EndProject
Project("{8BC9CEB8-8B4A-11D0-8D11-00A0C91BC942}") = "Ch2_ConsoleGame_GenericExample", "..\Ch2_ConsoleGame_GenericExample\Ch2_ConsoleGame_GenericExample.vcxproj", "{3651BBF7-22DA-485F-86E2-D9F1086673C9}"
EndProject
Project("{8BC9CEB8-8B4A-11D0-8D11-00A0C91BC942}") = "UtilityProject", "..\UtilityProject\UtilityProject.vcxproj", "{FB3A1DA8-B5DA-4735-81C7-8EF0FDB2709B}"
EndProject
Project("{8BC9CEB8-8B4A-11D0-8D11-00A0C91BC942}") = "Ch3_vector", "..\Ch3_vector\Ch3_vector.vcxproj", "{CE5F676B-7D9A-4B02-A5BD-52FD54E2A207}"
EndProject
Project("{8BC9CEB8-8B4A-11D0-8D11-00A0C91BC942}") = "Ch4_MyVector", "..\Ch4_MyVector\Ch4_MyVector.vcxproj", "{54C670AA-9EB2-4A66-AA69-FC5592B83761}"
EndProject
Project("{8BC9CEB8-8B4A-11D0-8D11-00A0C91BC942}") = "Ch5_STL", "..\Ch5_STL\Ch5_STL.vcxproj", "{31859484-985C-4E47-A9E4-9207D6BD1082}"
EndProject
Project("{8BC9CEB8-8B4A-11D0-8D11-00A0C91BC942}") = "Ch6_TownRPG", "..\Ch6_TownRPG\Ch6_TownRPG.vcxproj", "{96A8ECEE-C906-4796-A69F-94CC8EDB5D22}"
EndProject
Project("{8BC9CEB8-8B4A-11D0-8D11-00A0C91BC942}") = "Ch7_DataLoadAndSave", "..\Ch7_DataLoadAndSave\Ch7_DataLoadAndSave.vcxproj", "{A276F72D-0544-45D0-B7A9-5905FE1FB2E0}"
EndProject
Project("{8BC9CEB8-8B4A-11D0-8D11-00A0C91BC942}") = "Ch8_enum_Vector", "..\Ch8_enum_Vector\Ch8_enum_Vector.vcxproj", "{AFDCD922-031B-4898-9F29-2843E3D9D0B5}"
EndProject
Project("{8BC9CEB8-8B4A-11D0-8D11-00A0C91BC942}") = "Ch9_Sequence_Container", "..\Ch9_Sequence_Container\Ch9_Sequence_Container.vcxproj", "{1D85F141-B476-4427-8C86-D396E7D43C42}"
EndProject
Global
	GlobalSection(SolutionConfigurationPlatforms) = preSolution
		Debug|x64 = Debug|x64
		Debug|x86 = Debug|x86
		Release|x64 = Release|x64
		Release|x86 = Release|x86
	EndGlobalSection
	GlobalSection(ProjectConfigurationPlatforms) = postSolution
		{B57E4653-BA11-4F1E-A5FE-6E34C5640353}.Debug|x64.ActiveCfg = Debug|x64
		{B57E4653-BA11-4F1E-A5FE-6E34C5640353}.Debug|x64.Build.0 = Debug|x64
		{B57E4653-BA11-4F1E-A5FE-6E34C5640353}.Debug|x86.ActiveCfg = Debug|Win32
		{B57E4653-BA11-4F1E-A5FE-6E34C5640353}.Debug|x86.Build.0 = Debug|Win32
		{B57E4653-BA11-4F1E-A5FE-6E34C5640353}.Release|x64.ActiveCfg = Release|x64
		{B57E4653-BA11-4F1E-A5FE-6E34C5640353}.Release|x64.Build.0 = Release|x64
		{B57E4653-BA11-4F1E-A5FE-6E34C5640353}.Release|x86.ActiveCfg = Release|Win32
		{B57E4653-BA11-4F1E-A5FE-6E34C5640353}.Release|x86.Build.0 = Release|Win32
		{6188D28F-C2AB-486D-997F-B17C33059475}.Debug|x64.ActiveCfg = Debug|x64
		{6188D28F-C2AB-486D-997F-B17C33059475}.Debug|x64.Build.0 = Debug|x64
		{6188D28F-C2AB-486D-997F-B17C33059475}.Debug|x86.ActiveCfg = Debug|Win32
		{6188D28F-C2AB-486D-997F-B17C33059475}.Debug|x86.Build.0 = Debug|Win32
		{6188D28F-C2AB-486D-997F-B17C33059475}.Release|x64.ActiveCfg = Release|x64
		{6188D28F-C2AB-486D-997F-B17C33059475}.Release|x64.Build.0 = Release|x64
		{6188D28F-C2AB-486D-997F-B17C33059475}.Release|x86.ActiveCfg = Release|Win32
		{6188D28F-C2AB-486D-997F-B17C33059475}.Release|x86.Build.0 = Release|Win32
		{3651BBF7-22DA-485F-86E2-D9F1086673C9}.Debug|x64.ActiveCfg = Debug|x64
		{3651BBF7-22DA-485F-86E2-D9F1086673C9}.Debug|x64.Build.0 = Debug|x64
		{3651BBF7-22DA-485F-86E2-D9F1086673C9}.Debug|x86.ActiveCfg = Debug|Win32
		{3651BBF7-22DA-485F-86E2-D9F1086673C9}.Debug|x86.Build.0 = Debug|Win32
		{3651BBF7-22DA-485F-86E2-D9F1086673C9}.Release|x64.ActiveCfg = Release|x64
		{3651BBF7-22DA-485F-86E2-D9F1086673C9}.Release|x64.Build.0 = Release|x64
		{3651BBF7-22DA-485F-86E2-D9F1086673C9}.Release|x86.ActiveCfg = Release|Win32
		{3651BBF7-22DA-485F-86E2-D9F1086673C9}.Release|x86.Build.0 = Release|Win32
		{FB3A1DA8-B5DA-4735-81C7-8EF0FDB2709B}.Debug|x64.ActiveCfg = Debug|x64
		{FB3A1DA8-B5DA-4735-81C7-8EF0FDB2709B}.Debug|x64.Build.0 = Debug|x64
		{FB3A1DA8-B5DA-4735-81C7-8EF0FDB2709B}.Debug|x86.ActiveCfg = Debug|Win32
		{FB3A1DA8-B5DA-4735-81C7-8EF0FDB2709B}.Debug|x86.Build.0 = Debug|Win32
		{FB3A1DA8-B5DA-4735-81C7-8EF0FDB2709B}.Release|x64.ActiveCfg = Release|x64
		{FB3A1DA8-B5DA-4735-81C7-8EF0FDB2709B}.Release|x64.Build.0 = Release|x64
		{FB3A1DA8-B5DA-4735-81C7-8EF0FDB2709B}.Release|x86.ActiveCfg = Release|Win32
		{FB3A1DA8-B5DA-4735-81C7-8EF0FDB2709B}.Release|x86.Build.0 = Release|Win32
		{CE5F676B-7D9A-4B02-A5BD-52FD54E2A207}.Debug|x64.ActiveCfg = Debug|x64
		{CE5F676B-7D9A-4B02-A5BD-52FD54E2A207}.Debug|x64.Build.0 = Debug|x64
		{CE5F676B-7D9A-4B02-A5BD-52FD54E2A207}.Debug|x86.ActiveCfg = Debug|Win32
		{CE5F676B-7D9A-4B02-A5BD-52FD54E2A207}.Debug|x86.Build.0 = Debug|Win32
		{CE5F676B-7D9A-4B02-A5BD-52FD54E2A207}.Release|x64.ActiveCfg = Release|x64
		{CE5F676B-7D9A-4B02-A5BD-52FD54E2A207}.Release|x64.Build.0 = Release|x64
		{CE5F676B-7D9A-4B02-A5BD-52FD54E2A207}.Release|x86.ActiveCfg = Release|Win32
		{CE5F676B-7D9A-4B02-A5BD-52FD54E2A207}.Release|x86.Build.0 = Release|Win32
		{54C670AA-9EB2-4A66-AA69-FC5592B83761}.Debug|x64.ActiveCfg = Debug|x64
		{54C670AA-9EB2-4A66-AA69-FC5592B83761}.Debug|x64.Build.0 = Debug|x64
		{54C670AA-9EB2-4A66-AA69-FC5592B83761}.Debug|x86.ActiveCfg = Debug|Win32
		{54C670AA-9EB2-4A66-AA69-FC5592B83761}.Debug|x86.Build.0 = Debug|Win32
		{54C670AA-9EB2-4A66-AA69-FC5592B83761}.Release|x64.ActiveCfg = Release|x64
		{54C670AA-9EB2-4A66-AA69-FC5592B83761}.Release|x64.Build.0 = Release|x64
		{54C670AA-9EB2-4A66-AA69-FC5592B83761}.Release|x86.ActiveCfg = Release|Win32
		{54C670AA-9EB2-4A66-AA69-FC5592B83761}.Release|x86.Build.0 = Release|Win32
		{31859484-985C-4E47-A9E4-9207D6BD1082}.Debug|x64.ActiveCfg = Debug|x64
		{31859484-985C-4E47-A9E4-9207D6BD1082}.Debug|x64.Build.0 = Debug|x64
		{31859484-985C-4E47-A9E4-9207D6BD1082}.Debug|x86.ActiveCfg = Debug|Win32
		{31859484-985C-4E47-A9E4-9207D6BD1082}.Debug|x86.Build.0 = Debug|Win32
		{31859484-985C-4E47-A9E4-9207D6BD1082}.Release|x64.ActiveCfg = Release|x64
		{31859484-985C-4E47-A9E4-9207D6BD1082}.Release|x64.Build.0 = Release|x64
		{31859484-985C-4E47-A9E4-9207D6BD1082}.Release|x86.ActiveCfg = Release|Win32
		{31859484-985C-4E47-A9E4-9207D6BD1082}.Release|x86.Build.0 = Release|Win32
		{96A8ECEE-C906-4796-A69F-94CC8EDB5D22}.Debug|x64.ActiveCfg = Debug|x64
		{96A8ECEE-C906-4796-A69F-94CC8EDB5D22}.Debug|x64.Build.0 = Debug|x64
		{96A8ECEE-C906-4796-A69F-94CC8EDB5D22}.Debug|x86.ActiveCfg = Debug|Win32
		{96A8ECEE-C906-4796-A69F-94CC8EDB5D22}.Debug|x86.Build.0 = Debug|Win32
		{96A8ECEE-C906-4796-A69F-94CC8EDB5D22}.Release|x64.ActiveCfg = Release|x64
		{96A8ECEE-C906-4796-A69F-94CC8EDB5D22}.Release|x64.Build.0 = Release|x64
		{96A8ECEE-C906-4796-A69F-94CC8EDB5D22}.Release|x86.ActiveCfg = Release|Win32
		{96A8ECEE-C906-4796-A69F-94CC8EDB5D22}.Release|x86.Build.0 = Release|Win32
		{A276F72D-0544-45D0-B7A9-5905FE1FB2E0}.Debug|x64.ActiveCfg = Debug|x64
		{A276F72D-0544-45D0-B7A9-5905FE1FB2E0}.Debug|x64.Build.0 = Debug|x64
		{A276F72D-0544-45D0-B7A9-5905FE1FB2E0}.Debug|x86.ActiveCfg = Debug|Win32
		{A276F72D-0544-45D0-B7A9-5905FE1FB2E0}.Debug|x86.Build.0 = Debug|Win32
		{A276F72D-0544-45D0-B7A9-5905FE1FB2E0}.Release|x64.ActiveCfg = Release|x64
		{A276F72D-0544-45D0-B7A9-5905FE1FB2E0}.Release|x64.Build.0 = Release|x64
		{A276F72D-0544-45D0-B7A9-5905FE1FB2E0}.Release|x86.ActiveCfg = Release|Win32
		{A276F72D-0544-45D0-B7A9-5905FE1FB2E0}.Release|x86.Build.0 = Release|Win32
		{AFDCD922-031B-4898-9F29-2843E3D9D0B5}.Debug|x64.ActiveCfg = Debug|x64
		{AFDCD922-031B-4898-9F29-2843E3D9D0B5}.Debug|x64.Build.0 = Debug|x64
		{AFDCD922-031B-4898-9F29-2843E3D9D0B5}.Debug|x86.ActiveCfg = Debug|Win32
		{AFDCD922-031B-4898-9F29-2843E3D9D0B5}.Debug|x86.Build.0 = Debug|Win32
		{AFDCD922-031B-4898-9F29-2843E3D9D0B5}.Release|x64.ActiveCfg = Release|x64
		{AFDCD922-031B-4898-9F29-2843E3D9D0B5}.Release|x64.Build.0 = Release|x64
		{AFDCD922-031B-4898-9F29-2843E3D9D0B5}.Release|x86.ActiveCfg = Release|Win32
		{AFDCD922-031B-4898-9F29-2843E3D9D0B5}.Release|x86.Build.0 = Release|Win32
		{1D85F141-B476-4427-8C86-D396E7D43C42}.Debug|x64.ActiveCfg = Debug|x64
		{1D85F141-B476-4427-8C86-D396E7D43C42}.Debug|x64.Build.0 = Debug|x64
		{1D85F141-B476-4427-8C86-D396E7D43C42}.Debug|x86.ActiveCfg = Debug|Win32
		{1D85F141-B476-4427-8C86-D396E7D43C42}.Debug|x86.Build.0 = Debug|Win32
		{1D85F141-B476-4427-8C86-D396E7D43C42}.Release|x64.ActiveCfg = Release|x64
		{1D85F141-B476-4427-8C86-D396E7D43C42}.Release|x64.Build.0 = Release|x64
		{1D85F141-B476-4427-8C86-D396E7D43C42}.Release|x86.ActiveCfg = Release|Win32
		{1D85F141-B476-4427-8C86-D396E7D43C42}.Release|x86.Build.0 = Release|Win32
	EndGlobalSection
	GlobalSection(SolutionProperties) = preSolution
		HideSolutionNode = FALSE
	EndGlobalSection
	GlobalSection(ExtensibilityGlobals) = postSolution
		SolutionGuid = {CA07B958-9223-41E7-9862-7FCA878E3884}
	EndGlobalSection
EndGlobal
